
Microsoft Visual Studio Solution File, Format Version 12.00
Project("{FAE04EC0-301F-11D3-BF4B-00C04F79EFBC}") = "IntroToEntityFrameworkCore.Tests", "IntroToEntityFrameworkCore.Tests\IntroToEntityFrameworkCore.Tests.csproj", "{589A066A-E98C-4192-869D-387269C789EE}"
EndProject
Global
	GlobalSection(SolutionConfigurationPlatforms) = preSolution
		Debug|Any CPU = Debug|Any CPU
		Release|Any CPU = Release|Any CPU
	EndGlobalSection
	GlobalSection(ProjectConfigurationPlatforms) = postSolution
		{589A066A-E98C-4192-869D-387269C789EE}.Debug|Any CPU.ActiveCfg = Debug|Any CPU
		{589A066A-E98C-4192-869D-387269C789EE}.Debug|Any CPU.Build.0 = Debug|Any CPU
		{589A066A-E98C-4192-869D-387269C789EE}.Release|Any CPU.ActiveCfg = Release|Any CPU
		{589A066A-E98C-4192-869D-387269C789EE}.Release|Any CPU.Build.0 = Release|Any CPU
	EndGlobalSection
EndGlobal
